
Microsoft Visual Studio Solution File, Format Version 12.00
# Visual Studio 15
VisualStudioVersion = 15.0.28307.852
MinimumVisualStudioVersion = 10.0.40219.1
Project("{FAE04EC0-301F-11D3-BF4B-00C04F79EFBC}") = "WcfPlaneTicketService", "WcfPlaneTicketService\WcfPlaneTicketService.csproj", "{77D072D5-E6D5-4F72-B10D-05A5CDC15A87}"
EndProject
Project("{E53339B2-1760-4266-BCC7-CA923CBCF16C}") = "docker-compose", "docker-compose.dcproj", "{7FF93A33-92B5-4706-B0A8-12BBA2987F27}"
EndProject
Global
	GlobalSection(SolutionConfigurationPlatforms) = preSolution
		Debug|Any CPU = Debug|Any CPU
		Release|Any CPU = Release|Any CPU
	EndGlobalSection
	GlobalSection(ProjectConfigurationPlatforms) = postSolution
		{77D072D5-E6D5-4F72-B10D-05A5CDC15A87}.Debug|Any CPU.ActiveCfg = Debug|Any CPU
		{77D072D5-E6D5-4F72-B10D-05A5CDC15A87}.Debug|Any CPU.Build.0 = Debug|Any CPU
		{77D072D5-E6D5-4F72-B10D-05A5CDC15A87}.Release|Any CPU.ActiveCfg = Release|Any CPU
		{77D072D5-E6D5-4F72-B10D-05A5CDC15A87}.Release|Any CPU.Build.0 = Release|Any CPU
		{7FF93A33-92B5-4706-B0A8-12BBA2987F27}.Debug|Any CPU.ActiveCfg = Debug|Any CPU
		{7FF93A33-92B5-4706-B0A8-12BBA2987F27}.Debug|Any CPU.Build.0 = Debug|Any CPU
		{7FF93A33-92B5-4706-B0A8-12BBA2987F27}.Release|Any CPU.ActiveCfg = Release|Any CPU
		{7FF93A33-92B5-4706-B0A8-12BBA2987F27}.Release|Any CPU.Build.0 = Release|Any CPU
	EndGlobalSection
	GlobalSection(SolutionProperties) = preSolution
		HideSolutionNode = FALSE
	EndGlobalSection
	GlobalSection(ExtensibilityGlobals) = postSolution
		SolutionGuid = {0AD70C28-4FDD-421A-9821-67A16F14AEB1}
	EndGlobalSection
EndGlobal
